{
  "version": "2",
  "remote": {
    "https://deno.land/std@0.200.0/assert/_constants.ts": "8a9da298c26750b28b326b297316cdde860bc237533b07e1337c021379e6b2a9",
    "https://deno.land/std@0.200.0/assert/_diff.ts": "1a3c044aedf77647d6cac86b798c6417603361b66b54c53331b312caeb447aea",
    "https://deno.land/std@0.200.0/assert/_format.ts": "a69126e8a469009adf4cf2a50af889aca364c349797e63174884a52ff75cf4c7",
    "https://deno.land/std@0.200.0/assert/assert.ts": "9a97dad6d98c238938e7540736b826440ad8c1c1e54430ca4c4e623e585607ee",
    "https://deno.land/std@0.200.0/assert/assert_almost_equals.ts": "e15ca1f34d0d5e0afae63b3f5d975cbd18335a132e42b0c747d282f62ad2cd6c",
    "https://deno.land/std@0.200.0/assert/assert_array_includes.ts": "6856d7f2c3544bc6e62fb4646dfefa3d1df5ff14744d1bca19f0cbaf3b0d66c9",
    "https://deno.land/std@0.200.0/assert/assert_equals.ts": "d8ec8a22447fbaf2fc9d7c3ed2e66790fdb74beae3e482855d75782218d68227",
    "https://deno.land/std@0.200.0/assert/assert_exists.ts": "407cb6b9fb23a835cd8d5ad804e2e2edbbbf3870e322d53f79e1c7a512e2efd7",
    "https://deno.land/std@0.200.0/assert/assert_false.ts": "a9962749f4bf5844e3fa494257f1de73d69e4fe0e82c34d0099287552163a2dc",
    "https://deno.land/std@0.200.0/assert/assert_instance_of.ts": "09fd297352a5b5bbb16da2b5e1a0d8c6c44da5447772648622dcc7df7af1ddb8",
    "https://deno.land/std@0.200.0/assert/assert_is_error.ts": "b4eae4e5d182272efc172bf28e2e30b86bb1650cd88aea059e5d2586d4160fb9",
    "https://deno.land/std@0.200.0/assert/assert_match.ts": "c4083f80600bc190309903c95e397a7c9257ff8b5ae5c7ef91e834704e672e9b",
    "https://deno.land/std@0.200.0/assert/assert_not_equals.ts": "9f1acab95bd1f5fc9a1b17b8027d894509a745d91bac1718fdab51dc76831754",
    "https://deno.land/std@0.200.0/assert/assert_not_instance_of.ts": "0c14d3dfd9ab7a5276ed8ed0b18c703d79a3d106102077ec437bfe7ed912bd22",
    "https://deno.land/std@0.200.0/assert/assert_not_match.ts": "3796a5b0c57a1ce6c1c57883dd4286be13a26f715ea662318ab43a8491a13ab0",
    "https://deno.land/std@0.200.0/assert/assert_not_strict_equals.ts": "ca6c6d645e95fbc873d25320efeb8c4c6089a9a5e09f92d7c1c4b6e935c2a6ad",
    "https://deno.land/std@0.200.0/assert/assert_object_match.ts": "d8fc2867cfd92eeacf9cea621e10336b666de1874a6767b5ec48988838370b54",
    "https://deno.land/std@0.200.0/assert/assert_rejects.ts": "45c59724de2701e3b1f67c391d6c71c392363635aad3f68a1b3408f9efca0057",
    "https://deno.land/std@0.200.0/assert/assert_strict_equals.ts": "b1f538a7ea5f8348aeca261d4f9ca603127c665e0f2bbfeb91fa272787c87265",
    "https://deno.land/std@0.200.0/assert/assert_string_includes.ts": "b821d39ebf5cb0200a348863c86d8c4c4b398e02012ce74ad15666fc4b631b0c",
    "https://deno.land/std@0.200.0/assert/assert_throws.ts": "63784e951475cb7bdfd59878cd25a0931e18f6dc32a6077c454b2cd94f4f4bcd",
    "https://deno.land/std@0.200.0/assert/assertion_error.ts": "4d0bde9b374dfbcbe8ac23f54f567b77024fb67dbb1906a852d67fe050d42f56",
    "https://deno.land/std@0.200.0/assert/equal.ts": "9f1a46d5993966d2596c44e5858eec821859b45f783a5ee2f7a695dfc12d8ece",
    "https://deno.land/std@0.200.0/assert/fail.ts": "c36353d7ae6e1f7933d45f8ea51e358c8c4b67d7e7502028598fe1fea062e278",
    "https://deno.land/std@0.200.0/assert/mod.ts": "08d55a652c22c5da0215054b21085cec25a5da47ce4a6f9de7d9ad36df35bdee",
    "https://deno.land/std@0.200.0/assert/unimplemented.ts": "d56fbeecb1f108331a380f72e3e010a1f161baa6956fd0f7cf3e095ae1a4c75a",
    "https://deno.land/std@0.200.0/assert/unreachable.ts": "4600dc0baf7d9c15a7f7d234f00c23bca8f3eba8b140286aaca7aa998cf9a536",
    "https://deno.land/std@0.200.0/bytes/concat.ts": "d26d6f3d7922e6d663dacfcd357563b7bf4a380ce5b9c2bbe0c8586662f25ce2",
    "https://deno.land/std@0.200.0/crypto/_fnv/fnv32.ts": "e4649dfdefc5c987ed53c3c25db62db771a06d9d1b9c36d2b5cf0853b8e82153",
    "https://deno.land/std@0.200.0/crypto/_fnv/fnv64.ts": "bfa0e4702061fdb490a14e6bf5f9168a22fb022b307c5723499469bfefca555e",
    "https://deno.land/std@0.200.0/crypto/_fnv/mod.ts": "f956a95f58910f223e420340b7404702ecd429603acd4491fa77af84f746040c",
    "https://deno.land/std@0.200.0/crypto/_fnv/util.ts": "accba12bfd80a352e32a872f87df2a195e75561f1b1304a4cb4f5a4648d288f9",
    "https://deno.land/std@0.200.0/crypto/_wasm/lib/deno_std_wasm_crypto.generated.mjs": "85b50eee2e511584698c04f1d84155e57452ea963106fee64987c326e9e5d25d",
    "https://deno.land/std@0.200.0/crypto/_wasm/mod.ts": "973058e70052c98292b567d1c8396dffc28d6dfc6a44f0763032f6fbdf5222f5",
    "https://deno.land/std@0.200.0/crypto/crypto.ts": "731dffeb3054ddca38e6279a6ad718abef0fb6e218639c496d1c208db70e55e4",
    "https://deno.land/std@0.200.0/crypto/timing_safe_equal.ts": "7b0a4d2ef1c17590e0ad6c0cb1776369d2ba80cd99e945005e117851690507fe",
    "https://deno.land/std@0.200.0/fmt/colors.ts": "a7eecffdf3d1d54db890723b303847b6e0a1ab4b528ba6958b8f2e754cf1b3bc",
    "https://deno.land/std@0.200.0/testing/asserts.ts": "b4e4b1359393aeff09e853e27901a982c685cb630df30426ed75496961931946",
    "https://deno.land/std@0.200.0/uuid/_common.ts": "cb1441f4df460571fc0919e1c5c217f3e7006189b703caf946604b3f791ae34d",
    "https://deno.land/std@0.200.0/uuid/constants.ts": "0d0e95561343da44adb4a4edbc1f04cef48b0d75288c4d1704f58743f4a50d88",
    "https://deno.land/std@0.200.0/uuid/mod.ts": "5c7ca252dddba1ddf0bca2dc1124328245272650c98251d71996bb9cd8f5a386",
    "https://deno.land/std@0.200.0/uuid/v1.ts": "fe36009afce7ced96e1b5928565e12c5a8eb0df1a2b5063c0a72bda6b75c0de5",
    "https://deno.land/std@0.200.0/uuid/v3.ts": "49bd2a5cd19f043c88777a8daeaa453f96cc586129af78863aa34dadf27d5fd0",
    "https://deno.land/std@0.200.0/uuid/v4.ts": "0f081880c156fd59b9e44e2f84ea0f94a3627e89c224eaf6cc982b53d849f37e",
    "https://deno.land/std@0.200.0/uuid/v5.ts": "a102f716fc8d31b7e7e4376b1e7d6a255c39858bda6e5f672a4bb3cbd67405d0",
    "https://deno.land/std@0.63.0/encoding/_yaml/dumper/dumper.ts": "bbba05d5512a86822019c5aee0409f54acb9e8dfea6c315d6436b06fdb930322",
    "https://deno.land/std@0.63.0/encoding/_yaml/dumper/dumper_state.ts": "845517613527218e8cd3de7289123bb6ff3dcfc59ace1e0ee8cf2363f886352e",
    "https://deno.land/std@0.63.0/encoding/_yaml/error.ts": "5a4ce54c2dbf51c9c61c3f7b7326d28d390cfa31dc032b230f2150b0bc5473c4",
    "https://deno.land/std@0.63.0/encoding/_yaml/loader/loader.ts": "4f84ff75385c021f43847805bc360d7b7ac3abca0bb07489f2f564ab55f4f6fc",
    "https://deno.land/std@0.63.0/encoding/_yaml/loader/loader_state.ts": "989782bee7bed2bac0aea371c9bfd0bf5ec333ec19d0bb5a49d941db646b5243",
    "https://deno.land/std@0.63.0/encoding/_yaml/mark.ts": "881d920ddc87241ab5f7285e0bd4cb2c16c76bae28612a35cc0a1fa14ff18578",
    "https://deno.land/std@0.63.0/encoding/_yaml/parse.ts": "9c688142dfe02e08d48e3da338fa7bafea7c4fc1d0e46f3566dcf6a08ee1815d",
    "https://deno.land/std@0.63.0/encoding/_yaml/schema.ts": "7e50dc4c30824fedc7262c5ccf7e9a1b37708e6f9824abb8269bc8ea2b8a2b36",
    "https://deno.land/std@0.63.0/encoding/_yaml/schema/core.ts": "d29ca6499a0ca37d814a5d09040c5e4865ddd0d949a5e77806dc8429cb098a29",
    "https://deno.land/std@0.63.0/encoding/_yaml/schema/default.ts": "ea0b1da3efd16c9356cd86e5cf7a5a75473cca7d8ab96659ae5e4066561f5cd9",
    "https://deno.land/std@0.63.0/encoding/_yaml/schema/failsafe.ts": "2c96de9a5b2f42233c387e352c406091f84ebf1771bf9a4912fc09ed2dfbfc15",
    "https://deno.land/std@0.63.0/encoding/_yaml/schema/json.ts": "e1b18a1297b4a68d44ea812f03a343753acfa724df75d6100e0400c09421eaf0",
    "https://deno.land/std@0.63.0/encoding/_yaml/schema/mod.ts": "976a2cd8f9590f12c098713b871d3122c082c8218d6cdc3963c262a6a255a3a4",
    "https://deno.land/std@0.63.0/encoding/_yaml/state.ts": "7e2c0f513b06aafc3c6749fa0f5f90c70e8bea7c32e45dd8984390d1f6a6a0d7",
    "https://deno.land/std@0.63.0/encoding/_yaml/stringify.ts": "3e32c3171d40c7dd6f82a2dd7e3502362b4d9643dd3a9aa8b67a24a0118fadfd",
    "https://deno.land/std@0.63.0/encoding/_yaml/type.ts": "cd7636eb7ccaa6f16471a21f505495afd78552a924fc7f0f85e94f7ca2fe76cb",
    "https://deno.land/std@0.63.0/encoding/_yaml/type/binary.ts": "c623dcfe99070cb6b706c57babd1cb5f9a5ba39ef1f7665d2008468cd9253586",
    "https://deno.land/std@0.63.0/encoding/_yaml/type/bool.ts": "d29a7ec151f23ba60d81fbff653f7dfab8db10830811805390f2de1bf08ecea4",
    "https://deno.land/std@0.63.0/encoding/_yaml/type/float.ts": "53d173264d108e003a68f015bc315bee3bb3cb499588cbb585ad759929961e49",
    "https://deno.land/std@0.63.0/encoding/_yaml/type/int.ts": "8e8a1c1188584683366d674c5d5483acbd3631feb2fc53cbfbd9dcb30c0c40eb",
    "https://deno.land/std@0.63.0/encoding/_yaml/type/map.ts": "9c2cd7acd9211faa25083cee61e703acd74778151fc1fface8dc8b93f8ba41fa",
    "https://deno.land/std@0.63.0/encoding/_yaml/type/merge.ts": "4f255e7f007fe2da1dba131b296c53e039c0b0e04540e977cbac3730bbb8c052",
    "https://deno.land/std@0.63.0/encoding/_yaml/type/mod.ts": "1086644fb36cabd2dac739b06ca7aa49f21fce951efc5ee5702c8a7626c7e6d1",
    "https://deno.land/std@0.63.0/encoding/_yaml/type/nil.ts": "ff4bd60b83b5989e82664584041fb9cdce85b31fa6e0cdc8a8dc5b25a4be3650",
    "https://deno.land/std@0.63.0/encoding/_yaml/type/omap.ts": "8ec79eda0af93f9208f38aa6834384ebf8f38d2c544f265bd58b498789493de9",
    "https://deno.land/std@0.63.0/encoding/_yaml/type/pairs.ts": "6558daa5791624779ecda21715cfc9869b74d7e081ae34f3b8a8c90738412afa",
    "https://deno.land/std@0.63.0/encoding/_yaml/type/seq.ts": "4721c571a08a1e05086d092047c0717b86dac34b8acdcdb54acb0f2839493b67",
    "https://deno.land/std@0.63.0/encoding/_yaml/type/set.ts": "7cbdee3ebaaff175a587219b7485822bae31a393520498bb3e8086f9ad67a0dc",
    "https://deno.land/std@0.63.0/encoding/_yaml/type/str.ts": "283ab0937dd6c1d990de8b2f502f18f69ff63a8fdc58c6999f26513a4f74fe3c",
    "https://deno.land/std@0.63.0/encoding/_yaml/type/timestamp.ts": "81dcce9119a26db94339c11ade6a9e93cd00b5d26d902691a3902841c68f475f",
    "https://deno.land/std@0.63.0/encoding/_yaml/utils.ts": "8361a1f394c3e2f166b4b860e386ace36ff2519ad073a63bb3873e63a7841ab3",
    "https://deno.land/std@0.63.0/encoding/yaml.ts": "f60f56addab7cffa465e0f35fb2b5296158bd952aa50cb8b22aa446861ce093b",
    "https://deno.land/x/exec@0.0.5/mod.ts": "2a71f7e23e25be883275b22d872bbd2c3dfa3058934f1f156c8663fb81f5894f",
    "https://deno.land/x/yaml_loader@v0.1.0/mod.ts": "3d17e2a18aa78eec71a145f72e9c17bf6d3ca27da6ff59cd6499e74794640b86",
    "https://deno.land/x/yaml_loader@v0.1.0/yaml_loader.ts": "66501a8ae8d0082a802251bcfb998b3b5f7d299ec094e668721f4e19e9f80938"
  }
}
